{
  "name": "BF-Server",
  "version": "1.0.0",
  "lockfileVersion": 3,
  "requires": true,
  "packages": {
    "": {
      "hasInstallScript": true
    },
    "shared-contract": {
      "name": "@boreal/shared-contract",
      "version": "1.0.0",
      "extraneous": true,
      "dependencies": {
        "zod": "^4.3.6"
      }
    }
  }
}
